<?xml version="1.0" encoding="utf-8"?>
<Project ToolsVersion="4.0" xmlns="http://schemas.microsoft.com/developer/msbuild/2003">
  <ItemGroup>
    <Filter Include="Source Files">
      <UniqueIdentifier>{4FC737F1-C7A5-4376-A066-2A32D752A2FF}</UniqueIdentifier>
      <Extensions>cpp;c;cc;cxx;def;odl;idl;hpj;bat;asm;asmx</Extensions>
    </Filter>
    <Filter Include="Header Files">
      <UniqueIdentifier>{93995380-89BD-4b04-88EB-625FBE52EBFB}</UniqueIdentifier>
      <Extensions>h;hpp;hxx;hm;inl;inc;xsd</Extensions>
    </Filter>
    <Filter Include="Resource Files">
      <UniqueIdentifier>{67DA6AB6-F800-4c08-8B7A-83BB121AAD01}</UniqueIdentifier>
      <Extensions>rc;ico;cur;bmp;dlg;rc2;rct;bin;rgs;gif;jpg;jpeg;jpe;resx;tiff;tif;png;wav;mfcribbon-ms</Extensions>
    </Filter>
    <Filter Include="Scripts">
      <UniqueIdentifier>{fa5e1bc7-058d-4e0f-96ff-7d87a8c420a0}</UniqueIdentifier>
    </Filter>
    <Filter Include="Resource Files\Media">
      <UniqueIdentifier>{e25287c3-35b6-44ab-b97c-57e642361596}</UniqueIdentifier>
    </Filter>
    <Filter Include="Resource Files\Media\levelData">
      <UniqueIdentifier>{607f4299-b3ed-4c2f-875a-d9834be954a2}</UniqueIdentifier>
    </Filter>
  </ItemGroup>
  <ItemGroup>
    <ClCompile Include="src\GameState.cpp">
      <Filter>Source Files</Filter>
    </ClCompile>
    <ClCompile Include="src\GPENet.cpp">
      <Filter>Source Files</Filter>
    </ClCompile>
    <ClCompile Include="src\Main.cpp">
      <Filter>Source Files</Filter>
    </ClCompile>
    <ClCompile Include="src\SerializeableData.cpp">
      <Filter>Source Files</Filter>
    </ClCompile>
    <ClCompile Include="src\EventDispatcherHelper.cpp">
      <Filter>Source Files</Filter>
    </ClCompile>
    <ClCompile Include="src\GameObject.cpp">
      <Filter>Source Files</Filter>
    </ClCompile>
    <ClCompile Include="src\Physics.cpp">
      <Filter>Source Files</Filter>
    </ClCompile>
    <ClCompile Include="src\SceneWideEvent.cpp">
      <Filter>Source Files</Filter>
    </ClCompile>
    <ClCompile Include="src\VisualDebugger.cpp">
      <Filter>Source Files</Filter>
    </ClCompile>
    <ClCompile Include="src\EventData.cpp">
      <Filter>Source Files</Filter>
    </ClCompile>
    <ClCompile Include="src\NetworkedObjectManager.cpp">
      <Filter>Source Files</Filter>
    </ClCompile>
    <ClCompile Include="src\GameStateManager.cpp">
      <Filter>Source Files</Filter>
    </ClCompile>
    <ClCompile Include="src\Util.cpp">
      <Filter>Source Files</Filter>
    </ClCompile>
  </ItemGroup>
  <ItemGroup>
    <ClInclude Include="include\GameState.hpp">
      <Filter>Header Files</Filter>
    </ClInclude>
    <ClInclude Include="include\GPENet.hpp">
      <Filter>Header Files</Filter>
    </ClInclude>
    <ClInclude Include="include\SerializationClassExports.hpp">
      <Filter>Header Files</Filter>
    </ClInclude>
    <ClInclude Include="include\SerializeableData.hpp">
      <Filter>Header Files</Filter>
    </ClInclude>
    <ClInclude Include="include\Util.hpp">
      <Filter>Header Files</Filter>
    </ClInclude>
    <ClInclude Include="include\buffer.hpp">
      <Filter>Header Files</Filter>
    </ClInclude>
    <ClInclude Include="include\EventDispatcherHelper.hpp">
      <Filter>Header Files</Filter>
    </ClInclude>
    <ClInclude Include="include\GameObject.hpp">
      <Filter>Header Files</Filter>
    </ClInclude>
    <ClInclude Include="include\Physics.hpp">
      <Filter>Header Files</Filter>
    </ClInclude>
    <ClInclude Include="include\SceneWideEvent.hpp">
      <Filter>Header Files</Filter>
    </ClInclude>
    <ClInclude Include="include\VisualDebugger.hpp">
      <Filter>Header Files</Filter>
    </ClInclude>
    <ClInclude Include="include\EventData.hpp">
      <Filter>Header Files</Filter>
    </ClInclude>
    <ClInclude Include="include\NetworkedObjectManager.hpp">
      <Filter>Header Files</Filter>
    </ClInclude>
    <ClInclude Include="include\GameStateManager.hpp">
      <Filter>Header Files</Filter>
    </ClInclude>
    <ClInclude Include="include\MouseListener.hpp">
      <Filter>Header Files</Filter>
    </ClInclude>
    <ClInclude Include="include\KeyListener.hpp">
      <Filter>Header Files</Filter>
    </ClInclude>
    <ClInclude Include="include\JoyStickListener.hpp">
      <Filter>Header Files</Filter>
    </ClInclude>
  </ItemGroup>
  <ItemGroup>
    <None Include="..\Media\scripts\playerController.js">
      <Filter>Scripts</Filter>
    </None>
    <None Include="..\Media\scripts\playerController2.js">
      <Filter>Scripts</Filter>
    </None>
    <None Include="..\Media\scripts\BasicProjectile.js">
      <Filter>Scripts</Filter>
    </None>
    <None Include="..\Media\scripts\Enemy.js">
      <Filter>Scripts</Filter>
    </None>
  </ItemGroup>
  <ItemGroup>
    <Text Include="..\Media\levelData\level1.txt">
      <Filter>Resource Files\Media\levelData</Filter>
    </Text>
    <Text Include="..\Media\levelData\testlevel.txt">
      <Filter>Resource Files\Media\levelData</Filter>
    </Text>
  </ItemGroup>
</Project>