
Microsoft Visual Studio Solution File, Format Version 12.00
# Visual Studio 2012
Project("{8BC9CEB8-8B4A-11D0-8D11-00A0C91BC942}") = "GPE", "GPE\GPE.vcxproj", "{B25C7BFA-0D83-4967-AF63-CB680F7C5E6E}"
EndProject
Project("{8BC9CEB8-8B4A-11D0-8D11-00A0C91BC942}") = "GPE_Editor", "GPE_Editor\GPE_Editor.vcxproj", "{FE330EC3-75CB-46BB-889D-B647C714E50C}"
EndProject
Project("{8BC9CEB8-8B4A-11D0-8D11-00A0C91BC942}") = "GPE_Server", "GPE_Server\Server.vcxproj", "{DFC1D896-534D-42EC-B636-77FBC41BEE21}"
EndProject
Global
	GlobalSection(SolutionConfigurationPlatforms) = preSolution
		Debug|Win32 = Debug|Win32
		Release|Win32 = Release|Win32
	EndGlobalSection
	GlobalSection(ProjectConfigurationPlatforms) = postSolution
		{B25C7BFA-0D83-4967-AF63-CB680F7C5E6E}.Debug|Win32.ActiveCfg = Debug|Win32
		{B25C7BFA-0D83-4967-AF63-CB680F7C5E6E}.Debug|Win32.Build.0 = Debug|Win32
		{B25C7BFA-0D83-4967-AF63-CB680F7C5E6E}.Release|Win32.ActiveCfg = Release|Win32
		{B25C7BFA-0D83-4967-AF63-CB680F7C5E6E}.Release|Win32.Build.0 = Release|Win32
		{FE330EC3-75CB-46BB-889D-B647C714E50C}.Debug|Win32.ActiveCfg = Debug|Win32
		{FE330EC3-75CB-46BB-889D-B647C714E50C}.Release|Win32.ActiveCfg = Release|Win32
		{FE330EC3-75CB-46BB-889D-B647C714E50C}.Release|Win32.Build.0 = Release|Win32
		{DFC1D896-534D-42EC-B636-77FBC41BEE21}.Debug|Win32.ActiveCfg = Debug|Win32
		{DFC1D896-534D-42EC-B636-77FBC41BEE21}.Release|Win32.ActiveCfg = Release|Win32
		{DFC1D896-534D-42EC-B636-77FBC41BEE21}.Release|Win32.Build.0 = Release|Win32
	EndGlobalSection
	GlobalSection(SolutionProperties) = preSolution
		HideSolutionNode = FALSE
	EndGlobalSection
	GlobalSection(Performance) = preSolution
		HasPerformanceSessions = true
	EndGlobalSection
EndGlobal
